
Microsoft Visual Studio Solution File, Format Version 12.00
# Visual Studio Version 17
VisualStudioVersion = 17.1.32407.343
MinimumVisualStudioVersion = 10.0.40219.1
Project("{FAE04EC0-301F-11D3-BF4B-00C04F79EFBC}") = "Store_management_tier_03_Bridge", "Store_management_tier_03_Bridge\Store_management_tier_03_Bridge.csproj", "{EAEDCA52-60F6-45F2-95FB-28E157768666}"
EndProject
Global
	GlobalSection(SolutionConfigurationPlatforms) = preSolution
		Debug|Any CPU = Debug|Any CPU
		Release|Any CPU = Release|Any CPU
	EndGlobalSection
	GlobalSection(ProjectConfigurationPlatforms) = postSolution
		{EAEDCA52-60F6-45F2-95FB-28E157768666}.Debug|Any CPU.ActiveCfg = Debug|Any CPU
		{EAEDCA52-60F6-45F2-95FB-28E157768666}.Debug|Any CPU.Build.0 = Debug|Any CPU
		{EAEDCA52-60F6-45F2-95FB-28E157768666}.Release|Any CPU.ActiveCfg = Release|Any CPU
		{EAEDCA52-60F6-45F2-95FB-28E157768666}.Release|Any CPU.Build.0 = Release|Any CPU
	EndGlobalSection
	GlobalSection(SolutionProperties) = preSolution
		HideSolutionNode = FALSE
	EndGlobalSection
	GlobalSection(ExtensibilityGlobals) = postSolution
		SolutionGuid = {7AB60C51-AE09-48E3-B0C8-5CB3352C784D}
	EndGlobalSection
EndGlobal
